
Microsoft Visual Studio Solution File, Format Version 12.00
# Visual Studio Version 16
VisualStudioVersion = 16.0.31424.327
MinimumVisualStudioVersion = 10.0.40219.1
Project("{9A19103F-16F7-4668-BE54-9A1E7A4F7556}") = "CD2sol", "mvvmArchive\CD2sol.csproj", "{F6C78D2C-A0ED-4ED5-BCCE-9E8E3948A361}"
EndProject
Global
	GlobalSection(SolutionConfigurationPlatforms) = preSolution
		Debug|Any CPU = Debug|Any CPU
		Debug|x86 = Debug|x86
		Release|Any CPU = Release|Any CPU
		Release|x86 = Release|x86
	EndGlobalSection
	GlobalSection(ProjectConfigurationPlatforms) = postSolution
		{F6C78D2C-A0ED-4ED5-BCCE-9E8E3948A361}.Debug|Any CPU.ActiveCfg = Debug|Any CPU
		{F6C78D2C-A0ED-4ED5-BCCE-9E8E3948A361}.Debug|Any CPU.Build.0 = Debug|Any CPU
		{F6C78D2C-A0ED-4ED5-BCCE-9E8E3948A361}.Debug|x86.ActiveCfg = Debug|x86
		{F6C78D2C-A0ED-4ED5-BCCE-9E8E3948A361}.Debug|x86.Build.0 = Debug|x86
		{F6C78D2C-A0ED-4ED5-BCCE-9E8E3948A361}.Release|Any CPU.ActiveCfg = Release|Any CPU
		{F6C78D2C-A0ED-4ED5-BCCE-9E8E3948A361}.Release|Any CPU.Build.0 = Release|Any CPU
		{F6C78D2C-A0ED-4ED5-BCCE-9E8E3948A361}.Release|x86.ActiveCfg = Release|x86
		{F6C78D2C-A0ED-4ED5-BCCE-9E8E3948A361}.Release|x86.Build.0 = Release|x86
	EndGlobalSection
	GlobalSection(SolutionProperties) = preSolution
		HideSolutionNode = FALSE
	EndGlobalSection
	GlobalSection(ExtensibilityGlobals) = postSolution
		SolutionGuid = {6634384F-4F6A-4B1D-8B88-44280F4681EC}
	EndGlobalSection
EndGlobal
